
Microsoft Visual Studio Solution File, Format Version 12.00
# Visual Studio Version 16
VisualStudioVersion = 16.0.30711.63
MinimumVisualStudioVersion = 10.0.40219.1
Project("{FAE04EC0-301F-11D3-BF4B-00C04F79EFBC}") = "GraphicalApp 1", "GraphicalApp 1.csproj", "{98B07668-D522-4559-81B8-2A8775058FDD}"
EndProject
Global
	GlobalSection(SolutionConfigurationPlatforms) = preSolution
		Debug|Any CPU = Debug|Any CPU
		Release|Any CPU = Release|Any CPU
	EndGlobalSection
	GlobalSection(ProjectConfigurationPlatforms) = postSolution
		{98B07668-D522-4559-81B8-2A8775058FDD}.Debug|Any CPU.ActiveCfg = Debug|Any CPU
		{98B07668-D522-4559-81B8-2A8775058FDD}.Debug|Any CPU.Build.0 = Debug|Any CPU
		{98B07668-D522-4559-81B8-2A8775058FDD}.Release|Any CPU.ActiveCfg = Release|Any CPU
		{98B07668-D522-4559-81B8-2A8775058FDD}.Release|Any CPU.Build.0 = Release|Any CPU
	EndGlobalSection
	GlobalSection(SolutionProperties) = preSolution
		HideSolutionNode = FALSE
	EndGlobalSection
	GlobalSection(ExtensibilityGlobals) = postSolution
		SolutionGuid = {03909269-AAD7-4CFD-8362-3BA54B1057DB}
	EndGlobalSection
EndGlobal
